
Microsoft Visual Studio Solution File, Format Version 12.00
# Visual Studio 2013
VisualStudioVersion = 12.0.31101.0
MinimumVisualStudioVersion = 10.0.40219.1
Project("{FAE04EC0-301F-11D3-BF4B-00C04F79EFBC}") = "VirtualCoffee", "VirtualCoffee\VirtualCoffee.csproj", "{7A1CF3AC-8A5F-4C74-AC1A-EAE4F5B84371}"
EndProject
Project("{FAE04EC0-301F-11D3-BF4B-00C04F79EFBC}") = "VirtualCoffee.Tests", "VirtualCoffee.Tests\VirtualCoffee.Tests.csproj", "{4A7D217F-7622-4AC8-8249-4E2211B89F13}"
EndProject
Project("{2150E333-8FDC-42A3-9474-1A3956D46DE8}") = "Документы", "Документы", "{F32D5715-4A6B-486B-839E-0BC080A31710}"
EndProject
Global
	GlobalSection(SolutionConfigurationPlatforms) = preSolution
		Debug|Any CPU = Debug|Any CPU
		Release|Any CPU = Release|Any CPU
	EndGlobalSection
	GlobalSection(ProjectConfigurationPlatforms) = postSolution
		{7A1CF3AC-8A5F-4C74-AC1A-EAE4F5B84371}.Debug|Any CPU.ActiveCfg = Debug|Any CPU
		{7A1CF3AC-8A5F-4C74-AC1A-EAE4F5B84371}.Debug|Any CPU.Build.0 = Debug|Any CPU
		{7A1CF3AC-8A5F-4C74-AC1A-EAE4F5B84371}.Release|Any CPU.ActiveCfg = Release|Any CPU
		{7A1CF3AC-8A5F-4C74-AC1A-EAE4F5B84371}.Release|Any CPU.Build.0 = Release|Any CPU
		{4A7D217F-7622-4AC8-8249-4E2211B89F13}.Debug|Any CPU.ActiveCfg = Debug|Any CPU
		{4A7D217F-7622-4AC8-8249-4E2211B89F13}.Debug|Any CPU.Build.0 = Debug|Any CPU
		{4A7D217F-7622-4AC8-8249-4E2211B89F13}.Release|Any CPU.ActiveCfg = Release|Any CPU
		{4A7D217F-7622-4AC8-8249-4E2211B89F13}.Release|Any CPU.Build.0 = Release|Any CPU
	EndGlobalSection
	GlobalSection(SolutionProperties) = preSolution
		HideSolutionNode = FALSE
	EndGlobalSection
EndGlobal
